
Microsoft Visual Studio Solution File, Format Version 12.00
# Visual Studio 15
VisualStudioVersion = 15.0.27703.2035
MinimumVisualStudioVersion = 10.0.40219.1
Project("{9A19103F-16F7-4668-BE54-9A1E7A4F7556}") = "FIAP01", "FIAP01.csproj", "{9F311F0C-1062-473C-8DA9-F2EFEAE26B57}"
EndProject
Global
	GlobalSection(SolutionConfigurationPlatforms) = preSolution
		Debug|Any CPU = Debug|Any CPU
		Release|Any CPU = Release|Any CPU
	EndGlobalSection
	GlobalSection(ProjectConfigurationPlatforms) = postSolution
		{9F311F0C-1062-473C-8DA9-F2EFEAE26B57}.Debug|Any CPU.ActiveCfg = Debug|Any CPU
		{9F311F0C-1062-473C-8DA9-F2EFEAE26B57}.Debug|Any CPU.Build.0 = Debug|Any CPU
		{9F311F0C-1062-473C-8DA9-F2EFEAE26B57}.Release|Any CPU.ActiveCfg = Release|Any CPU
		{9F311F0C-1062-473C-8DA9-F2EFEAE26B57}.Release|Any CPU.Build.0 = Release|Any CPU
	EndGlobalSection
	GlobalSection(SolutionProperties) = preSolution
		HideSolutionNode = FALSE
	EndGlobalSection
	GlobalSection(ExtensibilityGlobals) = postSolution
		SolutionGuid = {6F9588BE-532E-4A27-9728-BBCDE5A1D0C6}
	EndGlobalSection
EndGlobal
